
Microsoft Visual Studio Solution File, Format Version 12.00
# Visual Studio Version 16
VisualStudioVersion = 16.0.30114.105
MinimumVisualStudioVersion = 10.0.40219.1
Project("{FAE04EC0-301F-11D3-BF4B-00C04F79EFBC}") = "API", "API\API.csproj", "{6154F36A-1D97-4546-8BBC-0C7887BADEB8}"
EndProject
Project("{FAE04EC0-301F-11D3-BF4B-00C04F79EFBC}") = "Application", "Application\Application.csproj", "{412363B9-CCE7-4313-A8E0-66F90A4CFC05}"
EndProject
Project("{FAE04EC0-301F-11D3-BF4B-00C04F79EFBC}") = "Persistence", "Persistence\Persistence.csproj", "{CFFCF7D3-6731-42F6-8AB2-FEA817C45062}"
EndProject
Project("{FAE04EC0-301F-11D3-BF4B-00C04F79EFBC}") = "Domain", "Domain\Domain.csproj", "{BFEECEAB-C94C-46BD-8A99-36CD94BF364C}"
EndProject
Global
	GlobalSection(SolutionConfigurationPlatforms) = preSolution
		Debug|Any CPU = Debug|Any CPU
		Release|Any CPU = Release|Any CPU
	EndGlobalSection
	GlobalSection(SolutionProperties) = preSolution
		HideSolutionNode = FALSE
	EndGlobalSection
	GlobalSection(ProjectConfigurationPlatforms) = postSolution
		{6154F36A-1D97-4546-8BBC-0C7887BADEB8}.Debug|Any CPU.ActiveCfg = Debug|Any CPU
		{6154F36A-1D97-4546-8BBC-0C7887BADEB8}.Debug|Any CPU.Build.0 = Debug|Any CPU
		{6154F36A-1D97-4546-8BBC-0C7887BADEB8}.Release|Any CPU.ActiveCfg = Release|Any CPU
		{6154F36A-1D97-4546-8BBC-0C7887BADEB8}.Release|Any CPU.Build.0 = Release|Any CPU
		{412363B9-CCE7-4313-A8E0-66F90A4CFC05}.Debug|Any CPU.ActiveCfg = Debug|Any CPU
		{412363B9-CCE7-4313-A8E0-66F90A4CFC05}.Debug|Any CPU.Build.0 = Debug|Any CPU
		{412363B9-CCE7-4313-A8E0-66F90A4CFC05}.Release|Any CPU.ActiveCfg = Release|Any CPU
		{412363B9-CCE7-4313-A8E0-66F90A4CFC05}.Release|Any CPU.Build.0 = Release|Any CPU
		{CFFCF7D3-6731-42F6-8AB2-FEA817C45062}.Debug|Any CPU.ActiveCfg = Debug|Any CPU
		{CFFCF7D3-6731-42F6-8AB2-FEA817C45062}.Debug|Any CPU.Build.0 = Debug|Any CPU
		{CFFCF7D3-6731-42F6-8AB2-FEA817C45062}.Release|Any CPU.ActiveCfg = Release|Any CPU
		{CFFCF7D3-6731-42F6-8AB2-FEA817C45062}.Release|Any CPU.Build.0 = Release|Any CPU
		{BFEECEAB-C94C-46BD-8A99-36CD94BF364C}.Debug|Any CPU.ActiveCfg = Debug|Any CPU
		{BFEECEAB-C94C-46BD-8A99-36CD94BF364C}.Debug|Any CPU.Build.0 = Debug|Any CPU
		{BFEECEAB-C94C-46BD-8A99-36CD94BF364C}.Release|Any CPU.ActiveCfg = Release|Any CPU
		{BFEECEAB-C94C-46BD-8A99-36CD94BF364C}.Release|Any CPU.Build.0 = Release|Any CPU
	EndGlobalSection
EndGlobal
